
Microsoft Visual Studio Solution File, Format Version 12.00
# Visual Studio 14
VisualStudioVersion = 14.0.23107.0
MinimumVisualStudioVersion = 10.0.40219.1
Project("{FAE04EC0-301F-11D3-BF4B-00C04F79EFBC}") = "QRTest1", "QRTest1\QRTest1.csproj", "{52D1DC98-9277-4B1F-8325-2A6B804F27B7}"
EndProject
Global
	GlobalSection(SolutionConfigurationPlatforms) = preSolution
		Debug|Any CPU = Debug|Any CPU
		Release|Any CPU = Release|Any CPU
	EndGlobalSection
	GlobalSection(ProjectConfigurationPlatforms) = postSolution
		{52D1DC98-9277-4B1F-8325-2A6B804F27B7}.Debug|Any CPU.ActiveCfg = Debug|Any CPU
		{52D1DC98-9277-4B1F-8325-2A6B804F27B7}.Debug|Any CPU.Build.0 = Debug|Any CPU
		{52D1DC98-9277-4B1F-8325-2A6B804F27B7}.Release|Any CPU.ActiveCfg = Release|Any CPU
		{52D1DC98-9277-4B1F-8325-2A6B804F27B7}.Release|Any CPU.Build.0 = Release|Any CPU
	EndGlobalSection
	GlobalSection(SolutionProperties) = preSolution
		HideSolutionNode = FALSE
	EndGlobalSection
EndGlobal
